
Microsoft Visual Studio Solution File, Format Version 12.00
# Visual Studio Version 17
VisualStudioVersion = 17.1.32407.343
MinimumVisualStudioVersion = 10.0.40219.1
Project("{FAE04EC0-301F-11D3-BF4B-00C04F79EFBC}") = "Doubler", "Doubler\Doubler.csproj", "{D2AC5D77-CB1F-4FA3-8EBD-114275618859}"
EndProject
Project("{FAE04EC0-301F-11D3-BF4B-00C04F79EFBC}") = "UgadaiChislo", "UgadaiChislo\UgadaiChislo.csproj", "{144F5C78-5BAA-46E9-ABC7-DCB68FD9B57A}"
EndProject
Global
	GlobalSection(SolutionConfigurationPlatforms) = preSolution
		Debug|Any CPU = Debug|Any CPU
		Release|Any CPU = Release|Any CPU
	EndGlobalSection
	GlobalSection(ProjectConfigurationPlatforms) = postSolution
		{D2AC5D77-CB1F-4FA3-8EBD-114275618859}.Debug|Any CPU.ActiveCfg = Debug|Any CPU
		{D2AC5D77-CB1F-4FA3-8EBD-114275618859}.Debug|Any CPU.Build.0 = Debug|Any CPU
		{D2AC5D77-CB1F-4FA3-8EBD-114275618859}.Release|Any CPU.ActiveCfg = Release|Any CPU
		{D2AC5D77-CB1F-4FA3-8EBD-114275618859}.Release|Any CPU.Build.0 = Release|Any CPU
		{144F5C78-5BAA-46E9-ABC7-DCB68FD9B57A}.Debug|Any CPU.ActiveCfg = Debug|Any CPU
		{144F5C78-5BAA-46E9-ABC7-DCB68FD9B57A}.Debug|Any CPU.Build.0 = Debug|Any CPU
		{144F5C78-5BAA-46E9-ABC7-DCB68FD9B57A}.Release|Any CPU.ActiveCfg = Release|Any CPU
		{144F5C78-5BAA-46E9-ABC7-DCB68FD9B57A}.Release|Any CPU.Build.0 = Release|Any CPU
	EndGlobalSection
	GlobalSection(SolutionProperties) = preSolution
		HideSolutionNode = FALSE
	EndGlobalSection
	GlobalSection(ExtensibilityGlobals) = postSolution
		SolutionGuid = {60819C51-F686-4C68-B887-1D8E4DF81CA5}
	EndGlobalSection
EndGlobal
